{
  "object": {
    "pins": [
      {
        "package": "SwiftlySearch",
        "repositoryURL": "https://github.com/thislooksfun/SwiftlySearch",
        "state": {
          "branch": null,
          "revision": "7741806e979e59e9583962da43d09ec92f598026",
          "version": "1.2.4"
        }
      }
    ]
  },
  "version": 1
}
